// !$*UTF8*$!
{
	archiveVersion = 1;
	classes = {
	};
	objectVersion = 46;
	objects = {

/* Begin PBXBuildFile section */
		CF011B701C43F9D100948323 /* BRLocaleMap.h in CopyFiles */ = {isa = PBXBuildFile; fileRef = CF011B6F1C43F9D100948323 /* BRLocaleMap.h */; };
		CF011B721C43F9D100948323 /* BRLocaleMap.m in Sources */ = {isa = PBXBuildFile; fileRef = CF011B711C43F9D100948323 /* BRLocaleMap.m */; };
		CF244C6B21BE34CC007FED9F /* BRLocaleMapTests.m in Sources */ = {isa = PBXBuildFile; fileRef = CF244C6A21BE34CC007FED9F /* BRLocaleMapTests.m */; };
		CF244C7021BE34D8007FED9F /* BRLocaleMap.m in Sources */ = {isa = PBXBuildFile; fileRef = CF011B711C43F9D100948323 /* BRLocaleMap.m */; };
/* End PBXBuildFile section */

/* Begin PBXCopyFilesBuildPhase section */
		CF011B6A1C43F9D100948323 /* CopyFiles */ = {
			isa = PBXCopyFilesBuildPhase;
			buildActionMask = 2147483647;
			dstPath = "include/$(PRODUCT_NAME)";
			dstSubfolderSpec = 16;
			files = (
				CF011B701C43F9D100948323 /* BRLocaleMap.h in CopyFiles */,
			);
			runOnlyForDeploymentPostprocessing = 0;
		};
/* End PBXCopyFilesBuildPhase section */

/* Begin PBXFileReference section */
		CF011B6C1C43F9D100948323 /* libBRLocaleMap.a */ = {isa = PBXFileReference; explicitFileType = archive.ar; includeInIndex = 0; path = libBRLocaleMap.a; sourceTree = BUILT_PRODUCTS_DIR; };
		CF011B6F1C43F9D100948323 /* BRLocaleMap.h */ = {isa = PBXFileReference; lastKnownFileType = sourcecode.c.h; path = BRLocaleMap.h; sourceTree = "<group>"; };
		CF011B711C43F9D100948323 /* BRLocaleMap.m */ = {isa = PBXFileReference; lastKnownFileType = sourcecode.c.objc; path = BRLocaleMap.m; sourceTree = "<group>"; };
		CF011B781C43FA1900948323 /* google-translate.json */ = {isa = PBXFileReference; fileEncoding = 4; lastKnownFileType = text.json; name = "google-translate.json"; path = "locale-mapping/google-translate.json"; sourceTree = SOURCE_ROOT; };
		CF011B791C43FA1900948323 /* microsoft-translate.json */ = {isa = PBXFileReference; fileEncoding = 4; lastKnownFileType = text.json; name = "microsoft-translate.json"; path = "locale-mapping/microsoft-translate.json"; sourceTree = SOURCE_ROOT; };
		CF244C6821BE34CC007FED9F /* BRLocaleMapTests.xctest */ = {isa = PBXFileReference; explicitFileType = wrapper.cfbundle; includeInIndex = 0; path = BRLocaleMapTests.xctest; sourceTree = BUILT_PRODUCTS_DIR; };
		CF244C6A21BE34CC007FED9F /* BRLocaleMapTests.m */ = {isa = PBXFileReference; lastKnownFileType = sourcecode.c.objc; path = BRLocaleMapTests.m; sourceTree = "<group>"; };
		CF244C6C21BE34CC007FED9F /* Info.plist */ = {isa = PBXFileReference; lastKnownFileType = text.plist.xml; path = Info.plist; sourceTree = "<group>"; };
/* End PBXFileReference section */

/* Begin PBXFrameworksBuildPhase section */
		CF011B691C43F9D100948323 /* Frameworks */ = {
			isa = PBXFrameworksBuildPhase;
			buildActionMask = 2147483647;
			files = (
			);
			runOnlyForDeploymentPostprocessing = 0;
		};
		CF244C6521BE34CC007FED9F /* Frameworks */ = {
			isa = PBXFrameworksBuildPhase;
			buildActionMask = 2147483647;
			files = (
			);
			runOnlyForDeploymentPostprocessing = 0;
		};
/* End PBXFrameworksBuildPhase section */

/* Begin PBXGroup section */
		CF011B631C43F9D100948323 = {
			isa = PBXGroup;
			children = (
				CF011B6E1C43F9D100948323 /* BRLocaleMap */,
				CF244C6921BE34CC007FED9F /* BRLocaleMapTests */,
				CF011B6D1C43F9D100948323 /* Products */,
			);
			sourceTree = "<group>";
		};
		CF011B6D1C43F9D100948323 /* Products */ = {
			isa = PBXGroup;
			children = (
				CF011B6C1C43F9D100948323 /* libBRLocaleMap.a */,
				CF244C6821BE34CC007FED9F /* BRLocaleMapTests.xctest */,
			);
			name = Products;
			sourceTree = "<group>";
		};
		CF011B6E1C43F9D100948323 /* BRLocaleMap */ = {
			isa = PBXGroup;
			children = (
				CF011B6F1C43F9D100948323 /* BRLocaleMap.h */,
				CF011B711C43F9D100948323 /* BRLocaleMap.m */,
				CF011B781C43FA1900948323 /* google-translate.json */,
				CF011B791C43FA1900948323 /* microsoft-translate.json */,
			);
			path = BRLocaleMap;
			sourceTree = "<group>";
		};
		CF244C6921BE34CC007FED9F /* BRLocaleMapTests */ = {
			isa = PBXGroup;
			children = (
				CF244C6A21BE34CC007FED9F /* BRLocaleMapTests.m */,
				CF244C6C21BE34CC007FED9F /* Info.plist */,
			);
			path = BRLocaleMapTests;
			sourceTree = "<group>";
		};
/* End PBXGroup section */

/* Begin PBXNativeTarget section */
		CF011B6B1C43F9D100948323 /* BRLocaleMap */ = {
			isa = PBXNativeTarget;
			buildConfigurationList = CF011B751C43F9D100948323 /* Build configuration list for PBXNativeTarget "BRLocaleMap" */;
			buildPhases = (
				CF011B681C43F9D100948323 /* Sources */,
				CF011B691C43F9D100948323 /* Frameworks */,
				CF011B6A1C43F9D100948323 /* CopyFiles */,
			);
			buildRules = (
			);
			dependencies = (
			);
			name = BRLocaleMap;
			productName = BRLocaleMap;
			productReference = CF011B6C1C43F9D100948323 /* libBRLocaleMap.a */;
			productType = "com.apple.product-type.library.static";
		};
		CF244C6721BE34CC007FED9F /* BRLocaleMapTests */ = {
			isa = PBXNativeTarget;
			buildConfigurationList = CF244C6D21BE34CC007FED9F /* Build configuration list for PBXNativeTarget "BRLocaleMapTests" */;
			buildPhases = (
				CF244C6421BE34CC007FED9F /* Sources */,
				CF244C6521BE34CC007FED9F /* Frameworks */,
				CF244C6621BE34CC007FED9F /* Resources */,
			);
			buildRules = (
			);
			dependencies = (
			);
			name = BRLocaleMapTests;
			productName = BRLocaleMapTests;
			productReference = CF244C6821BE34CC007FED9F /* BRLocaleMapTests.xctest */;
			productType = "com.apple.product-type.bundle.unit-test";
		};
/* End PBXNativeTarget section */

/* Begin PBXProject section */
		CF011B641C43F9D100948323 /* Project object */ = {
			isa = PBXProject;
			attributes = {
				LastUpgradeCheck = 0720;
				ORGANIZATIONNAME = b123400;
				TargetAttributes = {
					CF011B6B1C43F9D100948323 = {
						CreatedOnToolsVersion = 7.2;
					};
					CF244C6721BE34CC007FED9F = {
						CreatedOnToolsVersion = 10.1;
						DevelopmentTeam = CC63FD9H8S;
						ProvisioningStyle = Automatic;
					};
				};
			};
			buildConfigurationList = CF011B671C43F9D100948323 /* Build configuration list for PBXProject "BRLocaleMap" */;
			compatibilityVersion = "Xcode 3.2";
			developmentRegion = English;
			hasScannedForEncodings = 0;
			knownRegions = (
				en,
			);
			mainGroup = CF011B631C43F9D100948323;
			productRefGroup = CF011B6D1C43F9D100948323 /* Products */;
			projectDirPath = "";
			projectRoot = "";
			targets = (
				CF011B6B1C43F9D100948323 /* BRLocaleMap */,
				CF244C6721BE34CC007FED9F /* BRLocaleMapTests */,
			);
		};
/* End PBXProject section */

/* Begin PBXResourcesBuildPhase section */
		CF244C6621BE34CC007FED9F /* Resources */ = {
			isa = PBXResourcesBuildPhase;
			buildActionMask = 2147483647;
			files = (
			);
			runOnlyForDeploymentPostprocessing = 0;
		};
/* End PBXResourcesBuildPhase section */

/* Begin PBXSourcesBuildPhase section */
		CF011B681C43F9D100948323 /* Sources */ = {
			isa = PBXSourcesBuildPhase;
			buildActionMask = 2147483647;
			files = (
				CF011B721C43F9D100948323 /* BRLocaleMap.m in Sources */,
			);
			runOnlyForDeploymentPostprocessing = 0;
		};
		CF244C6421BE34CC007FED9F /* Sources */ = {
			isa = PBXSourcesBuildPhase;
			buildActionMask = 2147483647;
			files = (
				CF244C7021BE34D8007FED9F /* BRLocaleMap.m in Sources */,
				CF244C6B21BE34CC007FED9F /* BRLocaleMapTests.m in Sources */,
			);
			runOnlyForDeploymentPostprocessing = 0;
		};
/* End PBXSourcesBuildPhase section */

/* Begin XCBuildConfiguration section */
		CF011B731C43F9D100948323 /* Debug */ = {
			isa = XCBuildConfiguration;
			buildSettings = {
				ALWAYS_SEARCH_USER_PATHS = NO;
				CLANG_CXX_LANGUAGE_STANDARD = "gnu++0x";
				CLANG_CXX_LIBRARY = "libc++";
				CLANG_ENABLE_MODULES = YES;
				CLANG_ENABLE_OBJC_ARC = YES;
				CLANG_WARN_BOOL_CONVERSION = YES;
				CLANG_WARN_CONSTANT_CONVERSION = YES;
				CLANG_WARN_DIRECT_OBJC_ISA_USAGE = YES_ERROR;
				CLANG_WARN_EMPTY_BODY = YES;
				CLANG_WARN_ENUM_CONVERSION = YES;
				CLANG_WARN_INT_CONVERSION = YES;
				CLANG_WARN_OBJC_ROOT_CLASS = YES_ERROR;
				CLANG_WARN_UNREACHABLE_CODE = YES;
				CLANG_WARN__DUPLICATE_METHOD_MATCH = YES;
				"CODE_SIGN_IDENTITY[sdk=iphoneos*]" = "iPhone Developer";
				COPY_PHASE_STRIP = NO;
				DEBUG_INFORMATION_FORMAT = dwarf;
				ENABLE_STRICT_OBJC_MSGSEND = YES;
				ENABLE_TESTABILITY = YES;
				GCC_C_LANGUAGE_STANDARD = gnu99;
				GCC_DYNAMIC_NO_PIC = NO;
				GCC_NO_COMMON_BLOCKS = YES;
				GCC_OPTIMIZATION_LEVEL = 0;
				GCC_PREPROCESSOR_DEFINITIONS = (
					"DEBUG=1",
					"$(inherited)",
				);
				GCC_WARN_64_TO_32_BIT_CONVERSION = YES;
				GCC_WARN_ABOUT_RETURN_TYPE = YES_ERROR;
				GCC_WARN_UNDECLARED_SELECTOR = YES;
				GCC_WARN_UNINITIALIZED_AUTOS = YES_AGGRESSIVE;
				GCC_WARN_UNUSED_FUNCTION = YES;
				GCC_WARN_UNUSED_VARIABLE = YES;
				IPHONEOS_DEPLOYMENT_TARGET = 9.2;
				MTL_ENABLE_DEBUG_INFO = YES;
				ONLY_ACTIVE_ARCH = YES;
				SDKROOT = iphoneos;
			};
			name = Debug;
		};
		CF011B741C43F9D100948323 /* Release */ = {
			isa = XCBuildConfiguration;
			buildSettings = {
				ALWAYS_SEARCH_USER_PATHS = NO;
				CLANG_CXX_LANGUAGE_STANDARD = "gnu++0x";
				CLANG_CXX_LIBRARY = "libc++";
				CLANG_ENABLE_MODULES = YES;
				CLANG_ENABLE_OBJC_ARC = YES;
				CLANG_WARN_BOOL_CONVERSION = YES;
				CLANG_WARN_CONSTANT_CONVERSION = YES;
				CLANG_WARN_DIRECT_OBJC_ISA_USAGE = YES_ERROR;
				CLANG_WARN_EMPTY_BODY = YES;
				CLANG_WARN_ENUM_CONVERSION = YES;
				CLANG_WARN_INT_CONVERSION = YES;
				CLANG_WARN_OBJC_ROOT_CLASS = YES_ERROR;
				CLANG_WARN_UNREACHABLE_CODE = YES;
				CLANG_WARN__DUPLICATE_METHOD_MATCH = YES;
				"CODE_SIGN_IDENTITY[sdk=iphoneos*]" = "iPhone Developer";
				COPY_PHASE_STRIP = NO;
				DEBUG_INFORMATION_FORMAT = "dwarf-with-dsym";
				ENABLE_NS_ASSERTIONS = NO;
				ENABLE_STRICT_OBJC_MSGSEND = YES;
				GCC_C_LANGUAGE_STANDARD = gnu99;
				GCC_NO_COMMON_BLOCKS = YES;
				GCC_WARN_64_TO_32_BIT_CONVERSION = YES;
				GCC_WARN_ABOUT_RETURN_TYPE = YES_ERROR;
				GCC_WARN_UNDECLARED_SELECTOR = YES;
				GCC_WARN_UNINITIALIZED_AUTOS = YES_AGGRESSIVE;
				GCC_WARN_UNUSED_FUNCTION = YES;
				GCC_WARN_UNUSED_VARIABLE = YES;
				IPHONEOS_DEPLOYMENT_TARGET = 9.2;
				MTL_ENABLE_DEBUG_INFO = NO;
				SDKROOT = iphoneos;
				VALIDATE_PRODUCT = YES;
			};
			name = Release;
		};
		CF011B761C43F9D100948323 /* Debug */ = {
			isa = XCBuildConfiguration;
			buildSettings = {
				OTHER_LDFLAGS = "-ObjC";
				PRODUCT_NAME = "$(TARGET_NAME)";
				SKIP_INSTALL = YES;
			};
			name = Debug;
		};
		CF011B771C43F9D100948323 /* Release */ = {
			isa = XCBuildConfiguration;
			buildSettings = {
				OTHER_LDFLAGS = "-ObjC";
				PRODUCT_NAME = "$(TARGET_NAME)";
				SKIP_INSTALL = YES;
			};
			name = Release;
		};
		CF244C6E21BE34CC007FED9F /* Debug */ = {
			isa = XCBuildConfiguration;
			buildSettings = {
				CLANG_ANALYZER_NONNULL = YES;
				CLANG_ANALYZER_NUMBER_OBJECT_CONVERSION = YES_AGGRESSIVE;
				CLANG_CXX_LANGUAGE_STANDARD = "gnu++14";
				CLANG_ENABLE_OBJC_WEAK = YES;
				CLANG_WARN_BLOCK_CAPTURE_AUTORELEASING = YES;
				CLANG_WARN_COMMA = YES;
				CLANG_WARN_DEPRECATED_OBJC_IMPLEMENTATIONS = YES;
				CLANG_WARN_DOCUMENTATION_COMMENTS = YES;
				CLANG_WARN_INFINITE_RECURSION = YES;
				CLANG_WARN_NON_LITERAL_NULL_CONVERSION = YES;
				CLANG_WARN_OBJC_IMPLICIT_RETAIN_SELF = YES;
				CLANG_WARN_OBJC_LITERAL_CONVERSION = YES;
				CLANG_WARN_RANGE_LOOP_ANALYSIS = YES;
				CLANG_WARN_STRICT_PROTOTYPES = YES;
				CLANG_WARN_SUSPICIOUS_MOVE = YES;
				CLANG_WARN_UNGUARDED_AVAILABILITY = YES_AGGRESSIVE;
				CODE_SIGN_IDENTITY = "Mac Developer";
				CODE_SIGN_STYLE = Automatic;
				COMBINE_HIDPI_IMAGES = YES;
				DEVELOPMENT_TEAM = CC63FD9H8S;
				GCC_C_LANGUAGE_STANDARD = gnu11;
				INFOPLIST_FILE = BRLocaleMapTests/Info.plist;
				LD_RUNPATH_SEARCH_PATHS = "$(inherited) @executable_path/../Frameworks @loader_path/../Frameworks";
				MACOSX_DEPLOYMENT_TARGET = 10.14;
				MTL_ENABLE_DEBUG_INFO = INCLUDE_SOURCE;
				MTL_FAST_MATH = YES;
				PRODUCT_BUNDLE_IDENTIFIER = net.b123400.BRLocaleMapTests;
				PRODUCT_NAME = "$(TARGET_NAME)";
				SDKROOT = macosx;
			};
			name = Debug;
		};
		CF244C6F21BE34CC007FED9F /* Release */ = {
			isa = XCBuildConfiguration;
			buildSettings = {
				CLANG_ANALYZER_NONNULL = YES;
				CLANG_ANALYZER_NUMBER_OBJECT_CONVERSION = YES_AGGRESSIVE;
				CLANG_CXX_LANGUAGE_STANDARD = "gnu++14";
				CLANG_ENABLE_OBJC_WEAK = YES;
				CLANG_WARN_BLOCK_CAPTURE_AUTORELEASING = YES;
				CLANG_WARN_COMMA = YES;
				CLANG_WARN_DEPRECATED_OBJC_IMPLEMENTATIONS = YES;
				CLANG_WARN_DOCUMENTATION_COMMENTS = YES;
				CLANG_WARN_INFINITE_RECURSION = YES;
				CLANG_WARN_NON_LITERAL_NULL_CONVERSION = YES;
				CLANG_WARN_OBJC_IMPLICIT_RETAIN_SELF = YES;
				CLANG_WARN_OBJC_LITERAL_CONVERSION = YES;
				CLANG_WARN_RANGE_LOOP_ANALYSIS = YES;
				CLANG_WARN_STRICT_PROTOTYPES = YES;
				CLANG_WARN_SUSPICIOUS_MOVE = YES;
				CLANG_WARN_UNGUARDED_AVAILABILITY = YES_AGGRESSIVE;
				CODE_SIGN_IDENTITY = "Mac Developer";
				CODE_SIGN_STYLE = Automatic;
				COMBINE_HIDPI_IMAGES = YES;
				DEVELOPMENT_TEAM = CC63FD9H8S;
				GCC_C_LANGUAGE_STANDARD = gnu11;
				INFOPLIST_FILE = BRLocaleMapTests/Info.plist;
				LD_RUNPATH_SEARCH_PATHS = "$(inherited) @executable_path/../Frameworks @loader_path/../Frameworks";
				MACOSX_DEPLOYMENT_TARGET = 10.14;
				MTL_FAST_MATH = YES;
				PRODUCT_BUNDLE_IDENTIFIER = net.b123400.BRLocaleMapTests;
				PRODUCT_NAME = "$(TARGET_NAME)";
				SDKROOT = macosx;
			};
			name = Release;
		};
/* End XCBuildConfiguration section */

/* Begin XCConfigurationList section */
		CF011B671C43F9D100948323 /* Build configuration list for PBXProject "BRLocaleMap" */ = {
			isa = XCConfigurationList;
			buildConfigurations = (
				CF011B731C43F9D100948323 /* Debug */,
				CF011B741C43F9D100948323 /* Release */,
			);
			defaultConfigurationIsVisible = 0;
			defaultConfigurationName = Release;
		};
		CF011B751C43F9D100948323 /* Build configuration list for PBXNativeTarget "BRLocaleMap" */ = {
			isa = XCConfigurationList;
			buildConfigurations = (
				CF011B761C43F9D100948323 /* Debug */,
				CF011B771C43F9D100948323 /* Release */,
			);
			defaultConfigurationIsVisible = 0;
			defaultConfigurationName = Release;
		};
		CF244C6D21BE34CC007FED9F /* Build configuration list for PBXNativeTarget "BRLocaleMapTests" */ = {
			isa = XCConfigurationList;
			buildConfigurations = (
				CF244C6E21BE34CC007FED9F /* Debug */,
				CF244C6F21BE34CC007FED9F /* Release */,
			);
			defaultConfigurationIsVisible = 0;
			defaultConfigurationName = Release;
		};
/* End XCConfigurationList section */
	};
	rootObject = CF011B641C43F9D100948323 /* Project object */;
}
